// !$*UTF8*$!
{
	archiveVersion = 1;
	classes = {
	};
	objectVersion = 46;
	objects = {

/* Begin PBXBuildFile section */
		0E06FB9F0AA55C04A06C5EF3 /* Pods_AnaVolunteer.framework in Frameworks */ = {isa = PBXBuildFile; fileRef = 49C773795270A4C4C0C197E5 /* Pods_AnaVolunteer.framework */; };
		AC07DEDC1E6295AE000BD40F /* CustomTabBarController.swift in Sources */ = {isa = PBXBuildFile; fileRef = AC07DEDB1E6295AE000BD40F /* CustomTabBarController.swift */; };
		AC07DEDE1E62A39F000BD40F /* Media.xcassets in Resources */ = {isa = PBXBuildFile; fileRef = AC07DEDD1E62A39F000BD40F /* Media.xcassets */; };
		AC07DEE01E6365A3000BD40F /* MaterialView.swift in Sources */ = {isa = PBXBuildFile; fileRef = AC07DEDF1E6365A3000BD40F /* MaterialView.swift */; };
		AC07DEE51E636BE1000BD40F /* DK Pimpernel.otf in Resources */ = {isa = PBXBuildFile; fileRef = AC07DEE31E636BE1000BD40F /* DK Pimpernel.otf */; };
		AC07DEE61E636BE1000BD40F /* Fragmentcore.otf in Resources */ = {isa = PBXBuildFile; fileRef = AC07DEE41E636BE1000BD40F /* Fragmentcore.otf */; };
		AC07DEE91E636F75000BD40F /* Moon Flower Bold.ttf in Resources */ = {isa = PBXBuildFile; fileRef = AC07DEE71E636F75000BD40F /* Moon Flower Bold.ttf */; };
		AC07DEEA1E636F75000BD40F /* Moon Flower.ttf in Resources */ = {isa = PBXBuildFile; fileRef = AC07DEE81E636F75000BD40F /* Moon Flower.ttf */; };
		AC07DEEC1E63700B000BD40F /* paperdaisy-demo.ttf in Resources */ = {isa = PBXBuildFile; fileRef = AC07DEEB1E63700B000BD40F /* paperdaisy-demo.ttf */; };
		AC07DEEE1E6370D9000BD40F /* angelina 2.TTF in Resources */ = {isa = PBXBuildFile; fileRef = AC07DEED1E6370D9000BD40F /* angelina 2.TTF */; };
		AC07DEF01E63765D000BD40F /* FrenteH1-Regular.otf in Resources */ = {isa = PBXBuildFile; fileRef = AC07DEEF1E63765D000BD40F /* FrenteH1-Regular.otf */; };
		AC07DEF41E6376A0000BD40F /* Existence-Light.otf in Resources */ = {isa = PBXBuildFile; fileRef = AC07DEF11E6376A0000BD40F /* Existence-Light.otf */; };
		AC07DEF51E6376A0000BD40F /* Existence-StencilLight.otf in Resources */ = {isa = PBXBuildFile; fileRef = AC07DEF21E6376A0000BD40F /* Existence-StencilLight.otf */; };
		AC07DEF61E6376A0000BD40F /* Existence-UnicaseLight.otf in Resources */ = {isa = PBXBuildFile; fileRef = AC07DEF31E6376A0000BD40F /* Existence-UnicaseLight.otf */; };
		AC0D0FDD1E8E1888006121CD /* UserProfileVC.swift in Sources */ = {isa = PBXBuildFile; fileRef = AC0D0FDC1E8E1888006121CD /* UserProfileVC.swift */; };
		AC16AEC61E63F10700693E1C /* DismissKeyboard.swift in Sources */ = {isa = PBXBuildFile; fileRef = AC16AEC51E63F10700693E1C /* DismissKeyboard.swift */; };
		AC16AEC81E63F58300693E1C /* PostCell.swift in Sources */ = {isa = PBXBuildFile; fileRef = AC16AEC71E63F58300693E1C /* PostCell.swift */; };
		AC16AECC1E64016D00693E1C /* CircleImageView.swift in Sources */ = {isa = PBXBuildFile; fileRef = AC16AECB1E64016D00693E1C /* CircleImageView.swift */; };
		AC266AA01E60FA340009B6E3 /* AppDelegate.swift in Sources */ = {isa = PBXBuildFile; fileRef = AC266A9F1E60FA340009B6E3 /* AppDelegate.swift */; };
		AC266AA21E60FA340009B6E3 /* LoginVC.swift in Sources */ = {isa = PBXBuildFile; fileRef = AC266AA11E60FA340009B6E3 /* LoginVC.swift */; };
		AC266AA51E60FA340009B6E3 /* Main.storyboard in Resources */ = {isa = PBXBuildFile; fileRef = AC266AA31E60FA340009B6E3 /* Main.storyboard */; };
		AC266AA81E60FA340009B6E3 /* AnaVolunteer.xcdatamodeld in Sources */ = {isa = PBXBuildFile; fileRef = AC266AA61E60FA340009B6E3 /* AnaVolunteer.xcdatamodeld */; };
		AC266AAD1E60FA340009B6E3 /* LaunchScreen.storyboard in Resources */ = {isa = PBXBuildFile; fileRef = AC266AAB1E60FA340009B6E3 /* LaunchScreen.storyboard */; };
		AC266AB51E61015B0009B6E3 /* GoogleService-Info.plist in Resources */ = {isa = PBXBuildFile; fileRef = AC266AB41E61015B0009B6E3 /* GoogleService-Info.plist */; };
		AC266ABC1E6131830009B6E3 /* Always Forever Bold.ttf in Resources */ = {isa = PBXBuildFile; fileRef = AC266ABA1E6131830009B6E3 /* Always Forever Bold.ttf */; };
		AC266ABD1E6131830009B6E3 /* Always Forever.ttf in Resources */ = {isa = PBXBuildFile; fileRef = AC266ABB1E6131830009B6E3 /* Always Forever.ttf */; };
		AC266ABF1E61318A0009B6E3 /* JennaSue.ttf in Resources */ = {isa = PBXBuildFile; fileRef = AC266ABE1E61318A0009B6E3 /* JennaSue.ttf */; };
		AC266AC11E6131950009B6E3 /* angelina.TTF in Resources */ = {isa = PBXBuildFile; fileRef = AC266AC01E6131950009B6E3 /* angelina.TTF */; };
		AC266AC41E6133E30009B6E3 /* Haiku's Script version 09 Bold.ttf in Resources */ = {isa = PBXBuildFile; fileRef = AC266AC21E6133E30009B6E3 /* Haiku's Script version 09 Bold.ttf */; };
		AC266AC51E6133E30009B6E3 /* Haiku's Script version 09 Regular.ttf in Resources */ = {isa = PBXBuildFile; fileRef = AC266AC31E6133E30009B6E3 /* Haiku's Script version 09 Regular.ttf */; };
		AC266AC81E6152F60009B6E3 /* Constant.swift in Sources */ = {isa = PBXBuildFile; fileRef = AC266AC71E6152F60009B6E3 /* Constant.swift */; };
		AC266ACA1E6153920009B6E3 /* FancyView.swift in Sources */ = {isa = PBXBuildFile; fileRef = AC266AC91E6153920009B6E3 /* FancyView.swift */; };
		AC266ACC1E6155670009B6E3 /* FancyButton.swift in Sources */ = {isa = PBXBuildFile; fileRef = AC266ACB1E6155670009B6E3 /* FancyButton.swift */; };
		AC266ACE1E61FDAC0009B6E3 /* CustomTextField.swift in Sources */ = {isa = PBXBuildFile; fileRef = AC266ACD1E61FDAC0009B6E3 /* CustomTextField.swift */; };
		AC266AD01E6203F60009B6E3 /* SignupVC.swift in Sources */ = {isa = PBXBuildFile; fileRef = AC266ACF1E6203F60009B6E3 /* SignupVC.swift */; };
		AC266AD21E6225120009B6E3 /* CustomeTextFieldWithIcon.swift in Sources */ = {isa = PBXBuildFile; fileRef = AC266AD11E6225120009B6E3 /* CustomeTextFieldWithIcon.swift */; };
		AC266AD51E6266CE0009B6E3 /* HomePageVC.swift in Sources */ = {isa = PBXBuildFile; fileRef = AC266AD41E6266CE0009B6E3 /* HomePageVC.swift */; };
		AC3B62A11E947CE900790758 /* UIColor.swift in Sources */ = {isa = PBXBuildFile; fileRef = AC3B62A01E947CE900790758 /* UIColor.swift */; };
		AC7268321E694D4E00C6A8EA /* ShareAnEventVC.swift in Sources */ = {isa = PBXBuildFile; fileRef = AC7268311E694D4E00C6A8EA /* ShareAnEventVC.swift */; };
		AC7268361E6BEDAF00C6A8EA /* EventDetailsVC.swift in Sources */ = {isa = PBXBuildFile; fileRef = AC7268351E6BEDAF00C6A8EA /* EventDetailsVC.swift */; };
		AC8C9E521E64AB330040838C /* RoundButton.swift in Sources */ = {isa = PBXBuildFile; fileRef = AC8C9E511E64AB330040838C /* RoundButton.swift */; };
		AC8C9E551E6535300040838C /* DataService.swift in Sources */ = {isa = PBXBuildFile; fileRef = AC8C9E541E6535300040838C /* DataService.swift */; };
		AC8C9E571E666D950040838C /* Post.swift in Sources */ = {isa = PBXBuildFile; fileRef = AC8C9E561E666D930040838C /* Post.swift */; };
		AC9F633D1E95F6F80087D34D /* User.swift in Sources */ = {isa = PBXBuildFile; fileRef = AC9F633C1E95F6F80087D34D /* User.swift */; };
		ACCDD73E1EAD4FBB00741C94 /* WebViewVC.swift in Sources */ = {isa = PBXBuildFile; fileRef = ACCDD73D1EAD4FBB00741C94 /* WebViewVC.swift */; };
/* End PBXBuildFile section */

/* Begin PBXFileReference section */
		3FFBBE6437791354A3009D70 /* Pods-AnaVolunteer.debug.xcconfig */ = {isa = PBXFileReference; includeInIndex = 1; lastKnownFileType = text.xcconfig; name = "Pods-AnaVolunteer.debug.xcconfig"; path = "Pods/Target Support Files/Pods-AnaVolunteer/Pods-AnaVolunteer.debug.xcconfig"; sourceTree = "<group>"; };
		4757BD8A77F604AA472BFBD9 /* Pods-AnaVolunteer.release.xcconfig */ = {isa = PBXFileReference; includeInIndex = 1; lastKnownFileType = text.xcconfig; name = "Pods-AnaVolunteer.release.xcconfig"; path = "Pods/Target Support Files/Pods-AnaVolunteer/Pods-AnaVolunteer.release.xcconfig"; sourceTree = "<group>"; };
		49C773795270A4C4C0C197E5 /* Pods_AnaVolunteer.framework */ = {isa = PBXFileReference; explicitFileType = wrapper.framework; includeInIndex = 0; path = Pods_AnaVolunteer.framework; sourceTree = BUILT_PRODUCTS_DIR; };
		AC07DEDB1E6295AE000BD40F /* CustomTabBarController.swift */ = {isa = PBXFileReference; fileEncoding = 4; lastKnownFileType = sourcecode.swift; path = CustomTabBarController.swift; sourceTree = "<group>"; };
		AC07DEDD1E62A39F000BD40F /* Media.xcassets */ = {isa = PBXFileReference; lastKnownFileType = folder.assetcatalog; path = Media.xcassets; sourceTree = "<group>"; };
		AC07DEDF1E6365A3000BD40F /* MaterialView.swift */ = {isa = PBXFileReference; fileEncoding = 4; lastKnownFileType = sourcecode.swift; path = MaterialView.swift; sourceTree = "<group>"; };
		AC07DEE31E636BE1000BD40F /* DK Pimpernel.otf */ = {isa = PBXFileReference; lastKnownFileType = file; path = "DK Pimpernel.otf"; sourceTree = "<group>"; };
		AC07DEE41E636BE1000BD40F /* Fragmentcore.otf */ = {isa = PBXFileReference; lastKnownFileType = file; path = Fragmentcore.otf; sourceTree = "<group>"; };
		AC07DEE71E636F75000BD40F /* Moon Flower Bold.ttf */ = {isa = PBXFileReference; lastKnownFileType = file; path = "Moon Flower Bold.ttf"; sourceTree = "<group>"; };
		AC07DEE81E636F75000BD40F /* Moon Flower.ttf */ = {isa = PBXFileReference; lastKnownFileType = file; path = "Moon Flower.ttf"; sourceTree = "<group>"; };
		AC07DEEB1E63700B000BD40F /* paperdaisy-demo.ttf */ = {isa = PBXFileReference; lastKnownFileType = file; path = "paperdaisy-demo.ttf"; sourceTree = "<group>"; };
		AC07DEED1E6370D9000BD40F /* angelina 2.TTF */ = {isa = PBXFileReference; lastKnownFileType = file; path = "angelina 2.TTF"; sourceTree = "<group>"; };
		AC07DEEF1E63765D000BD40F /* FrenteH1-Regular.otf */ = {isa = PBXFileReference; lastKnownFileType = file; path = "FrenteH1-Regular.otf"; sourceTree = "<group>"; };
		AC07DEF11E6376A0000BD40F /* Existence-Light.otf */ = {isa = PBXFileReference; lastKnownFileType = file; path = "Existence-Light.otf"; sourceTree = "<group>"; };
		AC07DEF21E6376A0000BD40F /* Existence-StencilLight.otf */ = {isa = PBXFileReference; lastKnownFileType = file; path = "Existence-StencilLight.otf"; sourceTree = "<group>"; };
		AC07DEF31E6376A0000BD40F /* Existence-UnicaseLight.otf */ = {isa = PBXFileReference; lastKnownFileType = file; path = "Existence-UnicaseLight.otf"; sourceTree = "<group>"; };
		AC0D0FDC1E8E1888006121CD /* UserProfileVC.swift */ = {isa = PBXFileReference; fileEncoding = 4; lastKnownFileType = sourcecode.swift; path = UserProfileVC.swift; sourceTree = "<group>"; };
		AC16AEC51E63F10700693E1C /* DismissKeyboard.swift */ = {isa = PBXFileReference; fileEncoding = 4; lastKnownFileType = sourcecode.swift; path = DismissKeyboard.swift; sourceTree = "<group>"; };
		AC16AEC71E63F58300693E1C /* PostCell.swift */ = {isa = PBXFileReference; fileEncoding = 4; lastKnownFileType = sourcecode.swift; path = PostCell.swift; sourceTree = "<group>"; };
		AC16AECB1E64016D00693E1C /* CircleImageView.swift */ = {isa = PBXFileReference; fileEncoding = 4; lastKnownFileType = sourcecode.swift; path = CircleImageView.swift; sourceTree = "<group>"; };
		AC266A9C1E60FA340009B6E3 /* AnaVolunteer.app */ = {isa = PBXFileReference; explicitFileType = wrapper.application; includeInIndex = 0; path = AnaVolunteer.app; sourceTree = BUILT_PRODUCTS_DIR; };
		AC266A9F1E60FA340009B6E3 /* AppDelegate.swift */ = {isa = PBXFileReference; lastKnownFileType = sourcecode.swift; path = AppDelegate.swift; sourceTree = "<group>"; };
		AC266AA11E60FA340009B6E3 /* LoginVC.swift */ = {isa = PBXFileReference; lastKnownFileType = sourcecode.swift; path = LoginVC.swift; sourceTree = "<group>"; };
		AC266AA41E60FA340009B6E3 /* Base */ = {isa = PBXFileReference; lastKnownFileType = file.storyboard; name = Base; path = Base.lproj/Main.storyboard; sourceTree = "<group>"; };
		AC266AA71E60FA340009B6E3 /* AnaVolunteer.xcdatamodel */ = {isa = PBXFileReference; lastKnownFileType = wrapper.xcdatamodel; path = AnaVolunteer.xcdatamodel; sourceTree = "<group>"; };
		AC266AAC1E60FA340009B6E3 /* Base */ = {isa = PBXFileReference; lastKnownFileType = file.storyboard; name = Base; path = Base.lproj/LaunchScreen.storyboard; sourceTree = "<group>"; };
		AC266AAE1E60FA340009B6E3 /* Info.plist */ = {isa = PBXFileReference; lastKnownFileType = text.plist.xml; path = Info.plist; sourceTree = "<group>"; };
		AC266AB41E61015B0009B6E3 /* GoogleService-Info.plist */ = {isa = PBXFileReference; fileEncoding = 4; lastKnownFileType = text.plist.xml; path = "GoogleService-Info.plist"; sourceTree = "<group>"; };
		AC266ABA1E6131830009B6E3 /* Always Forever Bold.ttf */ = {isa = PBXFileReference; lastKnownFileType = file; path = "Always Forever Bold.ttf"; sourceTree = "<group>"; };
		AC266ABB1E6131830009B6E3 /* Always Forever.ttf */ = {isa = PBXFileReference; lastKnownFileType = file; path = "Always Forever.ttf"; sourceTree = "<group>"; };
		AC266ABE1E61318A0009B6E3 /* JennaSue.ttf */ = {isa = PBXFileReference; lastKnownFileType = file; path = JennaSue.ttf; sourceTree = "<group>"; };
		AC266AC01E6131950009B6E3 /* angelina.TTF */ = {isa = PBXFileReference; lastKnownFileType = file; path = angelina.TTF; sourceTree = "<group>"; };
		AC266AC21E6133E30009B6E3 /* Haiku's Script version 09 Bold.ttf */ = {isa = PBXFileReference; lastKnownFileType = file; path = "Haiku's Script version 09 Bold.ttf"; sourceTree = "<group>"; };
		AC266AC31E6133E30009B6E3 /* Haiku's Script version 09 Regular.ttf */ = {isa = PBXFileReference; lastKnownFileType = file; path = "Haiku's Script version 09 Regular.ttf"; sourceTree = "<group>"; };
		AC266AC71E6152F60009B6E3 /* Constant.swift */ = {isa = PBXFileReference; fileEncoding = 4; lastKnownFileType = sourcecode.swift; path = Constant.swift; sourceTree = "<group>"; };
		AC266AC91E6153920009B6E3 /* FancyView.swift */ = {isa = PBXFileReference; fileEncoding = 4; lastKnownFileType = sourcecode.swift; path = FancyView.swift; sourceTree = "<group>"; };
		AC266ACB1E6155670009B6E3 /* FancyButton.swift */ = {isa = PBXFileReference; fileEncoding = 4; lastKnownFileType = sourcecode.swift; path = FancyButton.swift; sourceTree = "<group>"; };
		AC266ACD1E61FDAC0009B6E3 /* CustomTextField.swift */ = {isa = PBXFileReference; fileEncoding = 4; lastKnownFileType = sourcecode.swift; path = CustomTextField.swift; sourceTree = "<group>"; };
		AC266ACF1E6203F60009B6E3 /* SignupVC.swift */ = {isa = PBXFileReference; fileEncoding = 4; indentWidth = 5; lastKnownFileType = sourcecode.swift; path = SignupVC.swift; sourceTree = "<group>"; };
		AC266AD11E6225120009B6E3 /* CustomeTextFieldWithIcon.swift */ = {isa = PBXFileReference; fileEncoding = 4; lastKnownFileType = sourcecode.swift; path = CustomeTextFieldWithIcon.swift; sourceTree = "<group>"; };
		AC266AD31E6244A40009B6E3 /* AnaVolunteer.entitlements */ = {isa = PBXFileReference; lastKnownFileType = text.plist.entitlements; path = AnaVolunteer.entitlements; sourceTree = "<group>"; };
		AC266AD41E6266CE0009B6E3 /* HomePageVC.swift */ = {isa = PBXFileReference; fileEncoding = 4; lastKnownFileType = sourcecode.swift; path = HomePageVC.swift; sourceTree = "<group>"; };
		AC3B62A01E947CE900790758 /* UIColor.swift */ = {isa = PBXFileReference; fileEncoding = 4; lastKnownFileType = sourcecode.swift; path = UIColor.swift; sourceTree = "<group>"; };
		AC7268311E694D4E00C6A8EA /* ShareAnEventVC.swift */ = {isa = PBXFileReference; fileEncoding = 4; lastKnownFileType = sourcecode.swift; path = ShareAnEventVC.swift; sourceTree = "<group>"; };
		AC7268351E6BEDAF00C6A8EA /* EventDetailsVC.swift */ = {isa = PBXFileReference; fileEncoding = 4; lastKnownFileType = sourcecode.swift; path = EventDetailsVC.swift; sourceTree = "<group>"; };
		AC8C9E511E64AB330040838C /* RoundButton.swift */ = {isa = PBXFileReference; fileEncoding = 4; lastKnownFileType = sourcecode.swift; path = RoundButton.swift; sourceTree = "<group>"; };
		AC8C9E541E6535300040838C /* DataService.swift */ = {isa = PBXFileReference; fileEncoding = 4; lastKnownFileType = sourcecode.swift; path = DataService.swift; sourceTree = "<group>"; };
		AC8C9E561E666D930040838C /* Post.swift */ = {isa = PBXFileReference; fileEncoding = 4; lastKnownFileType = sourcecode.swift; path = Post.swift; sourceTree = "<group>"; };
		AC9F633C1E95F6F80087D34D /* User.swift */ = {isa = PBXFileReference; fileEncoding = 4; lastKnownFileType = sourcecode.swift; path = User.swift; sourceTree = "<group>"; };
		ACCDD73D1EAD4FBB00741C94 /* WebViewVC.swift */ = {isa = PBXFileReference; fileEncoding = 4; lastKnownFileType = sourcecode.swift; path = WebViewVC.swift; sourceTree = "<group>"; };
/* End PBXFileReference section */

/* Begin PBXFrameworksBuildPhase section */
		AC266A991E60FA340009B6E3 /* Frameworks */ = {
			isa = PBXFrameworksBuildPhase;
			buildActionMask = 2147483647;
			files = (
				0E06FB9F0AA55C04A06C5EF3 /* Pods_AnaVolunteer.framework in Frameworks */,
			);
			runOnlyForDeploymentPostprocessing = 0;
		};
/* End PBXFrameworksBuildPhase section */

/* Begin PBXGroup section */
		3A1F9787AF7BE82E6AD9C666 /* Frameworks */ = {
			isa = PBXGroup;
			children = (
				49C773795270A4C4C0C197E5 /* Pods_AnaVolunteer.framework */,
			);
			name = Frameworks;
			sourceTree = "<group>";
		};
		8A5F0818F9B52CA2333F9389 /* Pods */ = {
			isa = PBXGroup;
			children = (
				3FFBBE6437791354A3009D70 /* Pods-AnaVolunteer.debug.xcconfig */,
				4757BD8A77F604AA472BFBD9 /* Pods-AnaVolunteer.release.xcconfig */,
			);
			name = Pods;
			sourceTree = "<group>";
		};
		AC07DEE21E636B3F000BD40F /* Fonts */ = {
			isa = PBXGroup;
			children = (
				AC07DEF11E6376A0000BD40F /* Existence-Light.otf */,
				AC07DEF21E6376A0000BD40F /* Existence-StencilLight.otf */,
				AC07DEF31E6376A0000BD40F /* Existence-UnicaseLight.otf */,
				AC07DEEF1E63765D000BD40F /* FrenteH1-Regular.otf */,
				AC07DEED1E6370D9000BD40F /* angelina 2.TTF */,
				AC07DEEB1E63700B000BD40F /* paperdaisy-demo.ttf */,
				AC07DEE71E636F75000BD40F /* Moon Flower Bold.ttf */,
				AC07DEE81E636F75000BD40F /* Moon Flower.ttf */,
				AC07DEE31E636BE1000BD40F /* DK Pimpernel.otf */,
				AC07DEE41E636BE1000BD40F /* Fragmentcore.otf */,
				AC266ABA1E6131830009B6E3 /* Always Forever Bold.ttf */,
				AC266ABB1E6131830009B6E3 /* Always Forever.ttf */,
				AC266ABE1E61318A0009B6E3 /* JennaSue.ttf */,
				AC266AC01E6131950009B6E3 /* angelina.TTF */,
				AC266AC21E6133E30009B6E3 /* Haiku's Script version 09 Bold.ttf */,
				AC266AC31E6133E30009B6E3 /* Haiku's Script version 09 Regular.ttf */,
			);
			name = Fonts;
			sourceTree = "<group>";
		};
		AC266A931E60FA340009B6E3 = {
			isa = PBXGroup;
			children = (
				AC266A9E1E60FA340009B6E3 /* AnaVolunteer */,
				AC266A9D1E60FA340009B6E3 /* Products */,
				8A5F0818F9B52CA2333F9389 /* Pods */,
				3A1F9787AF7BE82E6AD9C666 /* Frameworks */,
			);
			sourceTree = "<group>";
		};
		AC266A9D1E60FA340009B6E3 /* Products */ = {
			isa = PBXGroup;
			children = (
				AC266A9C1E60FA340009B6E3 /* AnaVolunteer.app */,
			);
			name = Products;
			sourceTree = "<group>";
		};
		AC266A9E1E60FA340009B6E3 /* AnaVolunteer */ = {
			isa = PBXGroup;
			children = (
				AC266AD31E6244A40009B6E3 /* AnaVolunteer.entitlements */,
				AC8C9E531E6535020040838C /* Services */,
				AC266AC61E6152D30009B6E3 /* Util */,
				AC266AB91E6131630009B6E3 /* Res */,
				AC266AB81E61103E0009B6E3 /* View */,
				AC266AB61E6110310009B6E3 /* Model */,
				AC266AB71E6110360009B6E3 /* Controller */,
				AC266A9F1E60FA340009B6E3 /* AppDelegate.swift */,
				AC07DEDD1E62A39F000BD40F /* Media.xcassets */,
				AC266AA31E60FA340009B6E3 /* Main.storyboard */,
				AC266AAB1E60FA340009B6E3 /* LaunchScreen.storyboard */,
				AC266AAE1E60FA340009B6E3 /* Info.plist */,
				AC266AA61E60FA340009B6E3 /* AnaVolunteer.xcdatamodeld */,
				AC266AB41E61015B0009B6E3 /* GoogleService-Info.plist */,
			);
			path = AnaVolunteer;
			sourceTree = "<group>";
		};
		AC266AB61E6110310009B6E3 /* Model */ = {
			isa = PBXGroup;
			children = (
				AC8C9E561E666D930040838C /* Post.swift */,
				AC9F633C1E95F6F80087D34D /* User.swift */,
			);
			name = Model;
			sourceTree = "<group>";
		};
		AC266AB71E6110360009B6E3 /* Controller */ = {
			isa = PBXGroup;
			children = (
				AC266AA11E60FA340009B6E3 /* LoginVC.swift */,
				AC266ACF1E6203F60009B6E3 /* SignupVC.swift */,
				AC266AD41E6266CE0009B6E3 /* HomePageVC.swift */,
				AC7268311E694D4E00C6A8EA /* ShareAnEventVC.swift */,
				AC7268351E6BEDAF00C6A8EA /* EventDetailsVC.swift */,
				AC0D0FDC1E8E1888006121CD /* UserProfileVC.swift */,
				ACCDD73D1EAD4FBB00741C94 /* WebViewVC.swift */,
			);
			name = Controller;
			sourceTree = "<group>";
		};
		AC266AB81E61103E0009B6E3 /* View */ = {
			isa = PBXGroup;
			children = (
				AC3B62A01E947CE900790758 /* UIColor.swift */,
				AC266ACD1E61FDAC0009B6E3 /* CustomTextField.swift */,
				AC266AC91E6153920009B6E3 /* FancyView.swift */,
				AC266ACB1E6155670009B6E3 /* FancyButton.swift */,
				AC266AD11E6225120009B6E3 /* CustomeTextFieldWithIcon.swift */,
				AC07DEDB1E6295AE000BD40F /* CustomTabBarController.swift */,
				AC07DEDF1E6365A3000BD40F /* MaterialView.swift */,
				AC16AEC51E63F10700693E1C /* DismissKeyboard.swift */,
				AC16AEC71E63F58300693E1C /* PostCell.swift */,
				AC16AECB1E64016D00693E1C /* CircleImageView.swift */,
				AC8C9E511E64AB330040838C /* RoundButton.swift */,
			);
			name = View;
			sourceTree = "<group>";
		};
		AC266AB91E6131630009B6E3 /* Res */ = {
			isa = PBXGroup;
			children = (
				AC07DEE21E636B3F000BD40F /* Fonts */,
			);
			name = Res;
			sourceTree = "<group>";
		};
		AC266AC61E6152D30009B6E3 /* Util */ = {
			isa = PBXGroup;
			children = (
				AC266AC71E6152F60009B6E3 /* Constant.swift */,
			);
			name = Util;
			sourceTree = "<group>";
		};
		AC8C9E531E6535020040838C /* Services */ = {
			isa = PBXGroup;
			children = (
				AC8C9E541E6535300040838C /* DataService.swift */,
			);
			name = Services;
			sourceTree = "<group>";
		};
/* End PBXGroup section */

/* Begin PBXNativeTarget section */
		AC266A9B1E60FA340009B6E3 /* AnaVolunteer */ = {
			isa = PBXNativeTarget;
			buildConfigurationList = AC266AB11E60FA340009B6E3 /* Build configuration list for PBXNativeTarget "AnaVolunteer" */;
			buildPhases = (
				B81FF824AA8F49420AC6A9DA /* [CP] Check Pods Manifest.lock */,
				AC266A981E60FA340009B6E3 /* Sources */,
				AC266A991E60FA340009B6E3 /* Frameworks */,
				AC266A9A1E60FA340009B6E3 /* Resources */,
				4A87BCFFE8B2661BD7871FA6 /* [CP] Embed Pods Frameworks */,
				271836EC42E6240F393BDBEE /* [CP] Copy Pods Resources */,
			);
			buildRules = (
			);
			dependencies = (
			);
			name = AnaVolunteer;
			productName = AnaVolunteer;
			productReference = AC266A9C1E60FA340009B6E3 /* AnaVolunteer.app */;
			productType = "com.apple.product-type.application";
		};
/* End PBXNativeTarget section */

/* Begin PBXProject section */
		AC266A941E60FA340009B6E3 /* Project object */ = {
			isa = PBXProject;
			attributes = {
				LastSwiftUpdateCheck = 0820;
				LastUpgradeCheck = 0820;
				ORGANIZATIONNAME = "Laith Mihyar";
				TargetAttributes = {
					AC266A9B1E60FA340009B6E3 = {
						CreatedOnToolsVersion = 8.2.1;
						DevelopmentTeam = R95548KD4W;
						LastSwiftMigration = 0820;
						ProvisioningStyle = Automatic;
						SystemCapabilities = {
							com.apple.Keychain = {
								enabled = 1;
							};
						};
					};
				};
			};
			buildConfigurationList = AC266A971E60FA340009B6E3 /* Build configuration list for PBXProject "AnaVolunteer" */;
			compatibilityVersion = "Xcode 3.2";
			developmentRegion = English;
			hasScannedForEncodings = 0;
			knownRegions = (
				en,
				Base,
			);
			mainGroup = AC266A931E60FA340009B6E3;
			productRefGroup = AC266A9D1E60FA340009B6E3 /* Products */;
			projectDirPath = "";
			projectRoot = "";
			targets = (
				AC266A9B1E60FA340009B6E3 /* AnaVolunteer */,
			);
		};
/* End PBXProject section */

/* Begin PBXResourcesBuildPhase section */
		AC266A9A1E60FA340009B6E3 /* Resources */ = {
			isa = PBXResourcesBuildPhase;
			buildActionMask = 2147483647;
			files = (
				AC07DEE61E636BE1000BD40F /* Fragmentcore.otf in Resources */,
				AC07DEF41E6376A0000BD40F /* Existence-Light.otf in Resources */,
				AC07DEE51E636BE1000BD40F /* DK Pimpernel.otf in Resources */,
				AC07DEDE1E62A39F000BD40F /* Media.xcassets in Resources */,
				AC266ABC1E6131830009B6E3 /* Always Forever Bold.ttf in Resources */,
				AC266AAD1E60FA340009B6E3 /* LaunchScreen.storyboard in Resources */,
				AC07DEF01E63765D000BD40F /* FrenteH1-Regular.otf in Resources */,
				AC266AB51E61015B0009B6E3 /* GoogleService-Info.plist in Resources */,
				AC07DEEC1E63700B000BD40F /* paperdaisy-demo.ttf in Resources */,
				AC266ABD1E6131830009B6E3 /* Always Forever.ttf in Resources */,
				AC07DEEA1E636F75000BD40F /* Moon Flower.ttf in Resources */,
				AC07DEF51E6376A0000BD40F /* Existence-StencilLight.otf in Resources */,
				AC266AC51E6133E30009B6E3 /* Haiku's Script version 09 Regular.ttf in Resources */,
				AC266ABF1E61318A0009B6E3 /* JennaSue.ttf in Resources */,
				AC07DEEE1E6370D9000BD40F /* angelina 2.TTF in Resources */,
				AC266AA51E60FA340009B6E3 /* Main.storyboard in Resources */,
				AC266AC41E6133E30009B6E3 /* Haiku's Script version 09 Bold.ttf in Resources */,
				AC266AC11E6131950009B6E3 /* angelina.TTF in Resources */,
				AC07DEF61E6376A0000BD40F /* Existence-UnicaseLight.otf in Resources */,
				AC07DEE91E636F75000BD40F /* Moon Flower Bold.ttf in Resources */,
			);
			runOnlyForDeploymentPostprocessing = 0;
		};
/* End PBXResourcesBuildPhase section */

/* Begin PBXShellScriptBuildPhase section */
		271836EC42E6240F393BDBEE /* [CP] Copy Pods Resources */ = {
			isa = PBXShellScriptBuildPhase;
			buildActionMask = 2147483647;
			files = (
			);
			inputPaths = (
			);
			name = "[CP] Copy Pods Resources";
			outputPaths = (
			);
			runOnlyForDeploymentPostprocessing = 0;
			shellPath = /bin/sh;
			shellScript = "\"${SRCROOT}/Pods/Target Support Files/Pods-AnaVolunteer/Pods-AnaVolunteer-resources.sh\"\n";
			showEnvVarsInLog = 0;
		};
		4A87BCFFE8B2661BD7871FA6 /* [CP] Embed Pods Frameworks */ = {
			isa = PBXShellScriptBuildPhase;
			buildActionMask = 2147483647;
			files = (
			);
			inputPaths = (
			);
			name = "[CP] Embed Pods Frameworks";
			outputPaths = (
			);
			runOnlyForDeploymentPostprocessing = 0;
			shellPath = /bin/sh;
			shellScript = "\"${SRCROOT}/Pods/Target Support Files/Pods-AnaVolunteer/Pods-AnaVolunteer-frameworks.sh\"\n";
			showEnvVarsInLog = 0;
		};
		B81FF824AA8F49420AC6A9DA /* [CP] Check Pods Manifest.lock */ = {
			isa = PBXShellScriptBuildPhase;
			buildActionMask = 2147483647;
			files = (
			);
			inputPaths = (
			);
			name = "[CP] Check Pods Manifest.lock";
			outputPaths = (
			);
			runOnlyForDeploymentPostprocessing = 0;
			shellPath = /bin/sh;
			shellScript = "diff \"${PODS_ROOT}/../Podfile.lock\" \"${PODS_ROOT}/Manifest.lock\" > /dev/null\nif [ $? != 0 ] ; then\n    # print error to STDERR\n    echo \"error: The sandbox is not in sync with the Podfile.lock. Run 'pod install' or update your CocoaPods installation.\" >&2\n    exit 1\nfi\n";
			showEnvVarsInLog = 0;
		};
/* End PBXShellScriptBuildPhase section */

/* Begin PBXSourcesBuildPhase section */
		AC266A981E60FA340009B6E3 /* Sources */ = {
			isa = PBXSourcesBuildPhase;
			buildActionMask = 2147483647;
			files = (
				AC8C9E521E64AB330040838C /* RoundButton.swift in Sources */,
				AC266AD51E6266CE0009B6E3 /* HomePageVC.swift in Sources */,
				AC266AD01E6203F60009B6E3 /* SignupVC.swift in Sources */,
				AC266ACE1E61FDAC0009B6E3 /* CustomTextField.swift in Sources */,
				AC07DEE01E6365A3000BD40F /* MaterialView.swift in Sources */,
				AC266AD21E6225120009B6E3 /* CustomeTextFieldWithIcon.swift in Sources */,
				AC266ACC1E6155670009B6E3 /* FancyButton.swift in Sources */,
				AC3B62A11E947CE900790758 /* UIColor.swift in Sources */,
				AC07DEDC1E6295AE000BD40F /* CustomTabBarController.swift in Sources */,
				AC0D0FDD1E8E1888006121CD /* UserProfileVC.swift in Sources */,
				AC16AEC81E63F58300693E1C /* PostCell.swift in Sources */,
				AC266AA21E60FA340009B6E3 /* LoginVC.swift in Sources */,
				AC266ACA1E6153920009B6E3 /* FancyView.swift in Sources */,
				AC266AA01E60FA340009B6E3 /* AppDelegate.swift in Sources */,
				AC7268321E694D4E00C6A8EA /* ShareAnEventVC.swift in Sources */,
				AC16AEC61E63F10700693E1C /* DismissKeyboard.swift in Sources */,
				AC266AA81E60FA340009B6E3 /* AnaVolunteer.xcdatamodeld in Sources */,
				AC16AECC1E64016D00693E1C /* CircleImageView.swift in Sources */,
				AC7268361E6BEDAF00C6A8EA /* EventDetailsVC.swift in Sources */,
				AC8C9E571E666D950040838C /* Post.swift in Sources */,
				ACCDD73E1EAD4FBB00741C94 /* WebViewVC.swift in Sources */,
				AC266AC81E6152F60009B6E3 /* Constant.swift in Sources */,
				AC8C9E551E6535300040838C /* DataService.swift in Sources */,
				AC9F633D1E95F6F80087D34D /* User.swift in Sources */,
			);
			runOnlyForDeploymentPostprocessing = 0;
		};
/* End PBXSourcesBuildPhase section */

/* Begin PBXVariantGroup section */
		AC266AA31E60FA340009B6E3 /* Main.storyboard */ = {
			isa = PBXVariantGroup;
			children = (
				AC266AA41E60FA340009B6E3 /* Base */,
			);
			name = Main.storyboard;
			sourceTree = "<group>";
		};
		AC266AAB1E60FA340009B6E3 /* LaunchScreen.storyboard */ = {
			isa = PBXVariantGroup;
			children = (
				AC266AAC1E60FA340009B6E3 /* Base */,
			);
			name = LaunchScreen.storyboard;
			sourceTree = "<group>";
		};
/* End PBXVariantGroup section */

/* Begin XCBuildConfiguration section */
		AC266AAF1E60FA340009B6E3 /* Debug */ = {
			isa = XCBuildConfiguration;
			buildSettings = {
				ALWAYS_SEARCH_USER_PATHS = NO;
				CLANG_ANALYZER_NONNULL = YES;
				CLANG_CXX_LANGUAGE_STANDARD = "gnu++0x";
				CLANG_CXX_LIBRARY = "libc++";
				CLANG_ENABLE_MODULES = YES;
				CLANG_ENABLE_OBJC_ARC = YES;
				CLANG_WARN_BOOL_CONVERSION = YES;
				CLANG_WARN_CONSTANT_CONVERSION = YES;
				CLANG_WARN_DIRECT_OBJC_ISA_USAGE = YES_ERROR;
				CLANG_WARN_DOCUMENTATION_COMMENTS = YES;
				CLANG_WARN_EMPTY_BODY = YES;
				CLANG_WARN_ENUM_CONVERSION = YES;
				CLANG_WARN_INFINITE_RECURSION = YES;
				CLANG_WARN_INT_CONVERSION = YES;
				CLANG_WARN_OBJC_ROOT_CLASS = YES_ERROR;
				CLANG_WARN_SUSPICIOUS_MOVE = YES;
				CLANG_WARN_UNREACHABLE_CODE = YES;
				CLANG_WARN__DUPLICATE_METHOD_MATCH = YES;
				"CODE_SIGN_IDENTITY[sdk=iphoneos*]" = "iPhone Developer";
				COPY_PHASE_STRIP = NO;
				DEBUG_INFORMATION_FORMAT = dwarf;
				ENABLE_STRICT_OBJC_MSGSEND = YES;
				ENABLE_TESTABILITY = YES;
				GCC_C_LANGUAGE_STANDARD = gnu99;
				GCC_DYNAMIC_NO_PIC = NO;
				GCC_NO_COMMON_BLOCKS = YES;
				GCC_OPTIMIZATION_LEVEL = 0;
				GCC_PREPROCESSOR_DEFINITIONS = (
					"DEBUG=1",
					"$(inherited)",
				);
				GCC_WARN_64_TO_32_BIT_CONVERSION = YES;
				GCC_WARN_ABOUT_RETURN_TYPE = YES_ERROR;
				GCC_WARN_UNDECLARED_SELECTOR = YES;
				GCC_WARN_UNINITIALIZED_AUTOS = YES_AGGRESSIVE;
				GCC_WARN_UNUSED_FUNCTION = YES;
				GCC_WARN_UNUSED_VARIABLE = YES;
				IPHONEOS_DEPLOYMENT_TARGET = 10.2;
				MTL_ENABLE_DEBUG_INFO = YES;
				ONLY_ACTIVE_ARCH = YES;
				SDKROOT = iphoneos;
				SWIFT_ACTIVE_COMPILATION_CONDITIONS = DEBUG;
				SWIFT_OPTIMIZATION_LEVEL = "-Onone";
				TARGETED_DEVICE_FAMILY = "1,2";
			};
			name = Debug;
		};
		AC266AB01E60FA340009B6E3 /* Release */ = {
			isa = XCBuildConfiguration;
			buildSettings = {
				ALWAYS_SEARCH_USER_PATHS = NO;
				CLANG_ANALYZER_NONNULL = YES;
				CLANG_CXX_LANGUAGE_STANDARD = "gnu++0x";
				CLANG_CXX_LIBRARY = "libc++";
				CLANG_ENABLE_MODULES = YES;
				CLANG_ENABLE_OBJC_ARC = YES;
				CLANG_WARN_BOOL_CONVERSION = YES;
				CLANG_WARN_CONSTANT_CONVERSION = YES;
				CLANG_WARN_DIRECT_OBJC_ISA_USAGE = YES_ERROR;
				CLANG_WARN_DOCUMENTATION_COMMENTS = YES;
				CLANG_WARN_EMPTY_BODY = YES;
				CLANG_WARN_ENUM_CONVERSION = YES;
				CLANG_WARN_INFINITE_RECURSION = YES;
				CLANG_WARN_INT_CONVERSION = YES;
				CLANG_WARN_OBJC_ROOT_CLASS = YES_ERROR;
				CLANG_WARN_SUSPICIOUS_MOVE = YES;
				CLANG_WARN_UNREACHABLE_CODE = YES;
				CLANG_WARN__DUPLICATE_METHOD_MATCH = YES;
				"CODE_SIGN_IDENTITY[sdk=iphoneos*]" = "iPhone Developer";
				COPY_PHASE_STRIP = NO;
				DEBUG_INFORMATION_FORMAT = "dwarf-with-dsym";
				ENABLE_NS_ASSERTIONS = NO;
				ENABLE_STRICT_OBJC_MSGSEND = YES;
				GCC_C_LANGUAGE_STANDARD = gnu99;
				GCC_NO_COMMON_BLOCKS = YES;
				GCC_WARN_64_TO_32_BIT_CONVERSION = YES;
				GCC_WARN_ABOUT_RETURN_TYPE = YES_ERROR;
				GCC_WARN_UNDECLARED_SELECTOR = YES;
				GCC_WARN_UNINITIALIZED_AUTOS = YES_AGGRESSIVE;
				GCC_WARN_UNUSED_FUNCTION = YES;
				GCC_WARN_UNUSED_VARIABLE = YES;
				IPHONEOS_DEPLOYMENT_TARGET = 10.2;
				MTL_ENABLE_DEBUG_INFO = NO;
				SDKROOT = iphoneos;
				SWIFT_OPTIMIZATION_LEVEL = "-Owholemodule";
				TARGETED_DEVICE_FAMILY = "1,2";
				VALIDATE_PRODUCT = YES;
			};
			name = Release;
		};
		AC266AB21E60FA340009B6E3 /* Debug */ = {
			isa = XCBuildConfiguration;
			baseConfigurationReference = 3FFBBE6437791354A3009D70 /* Pods-AnaVolunteer.debug.xcconfig */;
			buildSettings = {
				ASSETCATALOG_COMPILER_APPICON_NAME = AppIcon;
				CLANG_ENABLE_MODULES = YES;
				CODE_SIGN_ENTITLEMENTS = AnaVolunteer/AnaVolunteer.entitlements;
				DEVELOPMENT_TEAM = R95548KD4W;
				INFOPLIST_FILE = AnaVolunteer/Info.plist;
				LD_RUNPATH_SEARCH_PATHS = "$(inherited) @executable_path/Frameworks";
				PRODUCT_BUNDLE_IDENTIFIER = com.mihyar.AnaVolunteer;
				PRODUCT_NAME = "$(TARGET_NAME)";
				SWIFT_OBJC_BRIDGING_HEADER = "";
				SWIFT_OPTIMIZATION_LEVEL = "-Onone";
				SWIFT_VERSION = 3.0;
			};
			name = Debug;
		};
		AC266AB31E60FA340009B6E3 /* Release */ = {
			isa = XCBuildConfiguration;
			baseConfigurationReference = 4757BD8A77F604AA472BFBD9 /* Pods-AnaVolunteer.release.xcconfig */;
			buildSettings = {
				ASSETCATALOG_COMPILER_APPICON_NAME = AppIcon;
				CLANG_ENABLE_MODULES = YES;
				CODE_SIGN_ENTITLEMENTS = AnaVolunteer/AnaVolunteer.entitlements;
				DEVELOPMENT_TEAM = R95548KD4W;
				INFOPLIST_FILE = AnaVolunteer/Info.plist;
				LD_RUNPATH_SEARCH_PATHS = "$(inherited) @executable_path/Frameworks";
				PRODUCT_BUNDLE_IDENTIFIER = com.mihyar.AnaVolunteer;
				PRODUCT_NAME = "$(TARGET_NAME)";
				SWIFT_OBJC_BRIDGING_HEADER = "";
				SWIFT_VERSION = 3.0;
			};
			name = Release;
		};
/* End XCBuildConfiguration section */

/* Begin XCConfigurationList section */
		AC266A971E60FA340009B6E3 /* Build configuration list for PBXProject "AnaVolunteer" */ = {
			isa = XCConfigurationList;
			buildConfigurations = (
				AC266AAF1E60FA340009B6E3 /* Debug */,
				AC266AB01E60FA340009B6E3 /* Release */,
			);
			defaultConfigurationIsVisible = 0;
			defaultConfigurationName = Release;
		};
		AC266AB11E60FA340009B6E3 /* Build configuration list for PBXNativeTarget "AnaVolunteer" */ = {
			isa = XCConfigurationList;
			buildConfigurations = (
				AC266AB21E60FA340009B6E3 /* Debug */,
				AC266AB31E60FA340009B6E3 /* Release */,
			);
			defaultConfigurationIsVisible = 0;
			defaultConfigurationName = Release;
		};
/* End XCConfigurationList section */

/* Begin XCVersionGroup section */
		AC266AA61E60FA340009B6E3 /* AnaVolunteer.xcdatamodeld */ = {
			isa = XCVersionGroup;
			children = (
				AC266AA71E60FA340009B6E3 /* AnaVolunteer.xcdatamodel */,
			);
			currentVersion = AC266AA71E60FA340009B6E3 /* AnaVolunteer.xcdatamodel */;
			path = AnaVolunteer.xcdatamodeld;
			sourceTree = "<group>";
			versionGroupType = wrapper.xcdatamodel;
		};
/* End XCVersionGroup section */
	};
	rootObject = AC266A941E60FA340009B6E3 /* Project object */;
}
